lockfileVersion: 5.3

specifiers:
  '@types/node': ^16.3.0
  esbuild: ^0.12.15
  typescript: ^4.3.5

devDependencies:
  '@types/node': 16.3.0
  esbuild: 0.12.15
  typescript: 4.3.5

packages:

  /@types/node/16.3.0:
    resolution: {integrity: sha512-OydMCocGMGqw/1BnWbhtK+AtwyWTOigtrQlRe57OQmTNcI3HKlVI5FGlh+c4mSqInMPLynFrTlYjfajPu9O/eQ==}
    dev: true

  /esbuild/0.12.15:
    resolution: {integrity: sha512-72V4JNd2+48eOVCXx49xoSWHgC3/cCy96e7mbXKY+WOWghN00cCmlGnwVLRhRHorvv0dgCyuMYBZlM2xDM5OQw==}
    hasBin: true
    requiresBuild: true
    dev: true

  /typescript/4.3.5:
    resolution: {integrity: sha512-DqQgihaQ9cUrskJo9kIyW/+g0Vxsk8cDtZ52a3NGh0YNTfpUSArXSohyUGnvbPazEPLu398C0UxmKSOrPumUzA==}
    engines: {node: '>=4.2.0'}
    hasBin: true
    dev: true
